// !$*UTF8*$!
{
	archiveVersion = 1;
	classes = {
	};
	objectVersion = 50;
	objects = {

/* Begin PBXBuildFile section */
		A11F87B1227FB8DC00DEF43C /* Meters.swift in Sources */ = {isa = PBXBuildFile; fileRef = A11F87B0227FB8DC00DEF43C /* Meters.swift */; };
		A11F87B3227FB99600DEF43C /* ParamCombo.swift in Sources */ = {isa = PBXBuildFile; fileRef = A11F87B2227FB99600DEF43C /* ParamCombo.swift */; };
		A1217433225835F800D086AA /* CoefGen.cpp in Sources */ = {isa = PBXBuildFile; fileRef = A1217432225835F800D086AA /* CoefGen.cpp */; };
		A12174372258385D00D086AA /* AVFoundation.framework in Frameworks */ = {isa = PBXBuildFile; fileRef = A12174362258385D00D086AA /* AVFoundation.framework */; };
		A12174382258390C00D086AA /* AudioToolbox.framework in Frameworks */ = {isa = PBXBuildFile; fileRef = A1217430225835C900D086AA /* AudioToolbox.framework */; };
		A14E55F8228649EA00FBE5DC /* LevelsViewController.swift in Sources */ = {isa = PBXBuildFile; fileRef = A14E55F7228649EA00FBE5DC /* LevelsViewController.swift */; };
		A15215CB22629BE400548D68 /* libCorePlot-CocoaTouch.a in Frameworks */ = {isa = PBXBuildFile; fileRef = A15215CA22629BE400548D68 /* libCorePlot-CocoaTouch.a */; };
		A15215CD2262DA7400548D68 /* AudioPath.swift in Sources */ = {isa = PBXBuildFile; fileRef = A15215CC2262DA7400548D68 /* AudioPath.swift */; };
		A16E163822544FCE00A759A4 /* EqViewController.swift in Sources */ = {isa = PBXBuildFile; fileRef = A16E163722544FCE00A759A4 /* EqViewController.swift */; };
		A16E165822553CAB00A759A4 /* AudioUnitBase.mm in Sources */ = {isa = PBXBuildFile; fileRef = A16E165722553CAA00A759A4 /* AudioUnitBase.mm */; };
		A16E165B22553D3D00A759A4 /* EqAU.mm in Sources */ = {isa = PBXBuildFile; fileRef = A16E165A22553D3D00A759A4 /* EqAU.mm */; };
		A177490C2293982800F0B946 /* VerticalSlider.swift in Sources */ = {isa = PBXBuildFile; fileRef = A177490B2293982800F0B946 /* VerticalSlider.swift */; };
		A17EA84D225A863700E4D4B6 /* FreqGraphVc.swift in Sources */ = {isa = PBXBuildFile; fileRef = A17EA84B225A863700E4D4B6 /* FreqGraphVc.swift */; };
		A17EA850225AEC3700E4D4B6 /* SwiftDsp.swift in Sources */ = {isa = PBXBuildFile; fileRef = A17EA84F225AEC3600E4D4B6 /* SwiftDsp.swift */; };
		A17FF73A225B07EF00FABC64 /* MiscDsp.cpp in Sources */ = {isa = PBXBuildFile; fileRef = A17FF738225B07EF00FABC64 /* MiscDsp.cpp */; };
		A1B6BBEB22971CE10048AC96 /* DspJson.cpp in Sources */ = {isa = PBXBuildFile; fileRef = A1B6BBE922971CE10048AC96 /* DspJson.cpp */; };
		A1EBC642224C65E600BC457F /* AppDelegate.swift in Sources */ = {isa = PBXBuildFile; fileRef = A1EBC641224C65E600BC457F /* AppDelegate.swift */; };
		A1EBC644224C65E600BC457F /* EqViewContainer.swift in Sources */ = {isa = PBXBuildFile; fileRef = A1EBC643224C65E600BC457F /* EqViewContainer.swift */; };
		A1EBC647224C65E600BC457F /* Main.storyboard in Resources */ = {isa = PBXBuildFile; fileRef = A1EBC645224C65E600BC457F /* Main.storyboard */; };
		A1EBC649224C65E700BC457F /* Assets.xcassets in Resources */ = {isa = PBXBuildFile; fileRef = A1EBC648224C65E700BC457F /* Assets.xcassets */; };
		A1EBC64C224C65E700BC457F /* LaunchScreen.storyboard in Resources */ = {isa = PBXBuildFile; fileRef = A1EBC64A224C65E700BC457F /* LaunchScreen.storyboard */; };
		A1EBC657224C65E700BC457F /* SimpleEQTests.swift in Sources */ = {isa = PBXBuildFile; fileRef = A1EBC656224C65E700BC457F /* SimpleEQTests.swift */; };
		A1EBC662224C65E700BC457F /* SimpleEQUITests.swift in Sources */ = {isa = PBXBuildFile; fileRef = A1EBC661224C65E700BC457F /* SimpleEQUITests.swift */; };
		A1EBC671224C660500BC457F /* Accelerate.framework in Frameworks */ = {isa = PBXBuildFile; fileRef = A1EBC670224C660500BC457F /* Accelerate.framework */; };
		A1EBC673224C660F00BC457F /* QuartzCore.framework in Frameworks */ = {isa = PBXBuildFile; fileRef = A1EBC672224C660F00BC457F /* QuartzCore.framework */; };
		A1FB038C229F60150015B393 /* CorePlot.framework in Embed Frameworks */ = {isa = PBXBuildFile; fileRef = A1FB038B229F60140015B393 /* CorePlot.framework */; settings = {ATTRIBUTES = (CodeSignOnCopy, RemoveHeadersOnCopy, ); }; };
/* End PBXBuildFile section */

/* Begin PBXContainerItemProxy section */
		A1EBC653224C65E700BC457F /* PBXContainerItemProxy */ = {
			isa = PBXContainerItemProxy;
			containerPortal = A1EBC636224C65E500BC457F /* Project object */;
			proxyType = 1;
			remoteGlobalIDString = A1EBC63D224C65E600BC457F;
			remoteInfo = SimpleEQ;
		};
		A1EBC65E224C65E700BC457F /* PBXContainerItemProxy */ = {
			isa = PBXContainerItemProxy;
			containerPortal = A1EBC636224C65E500BC457F /* Project object */;
			proxyType = 1;
			remoteGlobalIDString = A1EBC63D224C65E600BC457F;
			remoteInfo = SimpleEQ;
		};
/* End PBXContainerItemProxy section */

/* Begin PBXCopyFilesBuildPhase section */
		A16E16532254571700A759A4 /* Embed Frameworks */ = {
			isa = PBXCopyFilesBuildPhase;
			buildActionMask = 2147483647;
			dstPath = "";
			dstSubfolderSpec = 10;
			files = (
				A1FB038C229F60150015B393 /* CorePlot.framework in Embed Frameworks */,
			);
			name = "Embed Frameworks";
			runOnlyForDeploymentPostprocessing = 0;
		};
/* End PBXCopyFilesBuildPhase section */

/* Begin PBXFileReference section */
		A10B35D9227FDCB20037A873 /* Dynamics.hpp */ = {isa = PBXFileReference; lastKnownFileType = sourcecode.cpp.h; name = Dynamics.hpp; path = ../../GenericDSP/Common/DSP/Dynamics.hpp; sourceTree = "<group>"; };
		A10B35DA227FDE000037A873 /* MiscBlocks.hpp */ = {isa = PBXFileReference; fileEncoding = 4; lastKnownFileType = sourcecode.cpp.h; name = MiscBlocks.hpp; path = ../../GenericDSP/Common/GenericDSP/MiscBlocks.hpp; sourceTree = "<group>"; };
		A11F87B0227FB8DC00DEF43C /* Meters.swift */ = {isa = PBXFileReference; fileEncoding = 4; lastKnownFileType = sourcecode.swift; name = Meters.swift; path = ../UiCommon/Meters.swift; sourceTree = "<group>"; };
		A11F87B2227FB99600DEF43C /* ParamCombo.swift */ = {isa = PBXFileReference; fileEncoding = 4; lastKnownFileType = sourcecode.swift; name = ParamCombo.swift; path = ../UiCommon/ParamCombo.swift; sourceTree = "<group>"; };
		A1217430225835C900D086AA /* AudioToolbox.framework */ = {isa = PBXFileReference; lastKnownFileType = wrapper.framework; name = AudioToolbox.framework; path = System/Library/Frameworks/AudioToolbox.framework; sourceTree = SDKROOT; };
		A1217432225835F800D086AA /* CoefGen.cpp */ = {isa = PBXFileReference; fileEncoding = 4; lastKnownFileType = sourcecode.cpp.cpp; name = CoefGen.cpp; path = ../../GenericDSP/Common/DSP/CoefGen.cpp; sourceTree = "<group>"; };
		A12174362258385D00D086AA /* AVFoundation.framework */ = {isa = PBXFileReference; lastKnownFileType = wrapper.framework; name = AVFoundation.framework; path = System/Library/Frameworks/AVFoundation.framework; sourceTree = SDKROOT; };
		A121743922583F0E00D086AA /* BiquadChain.hpp */ = {isa = PBXFileReference; fileEncoding = 4; lastKnownFileType = sourcecode.cpp.h; name = BiquadChain.hpp; path = ../../GenericDSP/Common/GenericDSP/BiquadChain.hpp; sourceTree = "<group>"; };
		A14E55F7228649EA00FBE5DC /* LevelsViewController.swift */ = {isa = PBXFileReference; lastKnownFileType = sourcecode.swift; path = LevelsViewController.swift; sourceTree = "<group>"; };
		A15215CA22629BE400548D68 /* libCorePlot-CocoaTouch.a */ = {isa = PBXFileReference; lastKnownFileType = archive.ar; name = "libCorePlot-CocoaTouch.a"; path = "../coreplot_2.2/Binaries/iOS/libCorePlot-CocoaTouch.a"; sourceTree = "<group>"; };
		A15215CC2262DA7400548D68 /* AudioPath.swift */ = {isa = PBXFileReference; lastKnownFileType = sourcecode.swift; path = AudioPath.swift; sourceTree = "<group>"; };
		A16E163722544FCE00A759A4 /* EqViewController.swift */ = {isa = PBXFileReference; fileEncoding = 4; lastKnownFileType = sourcecode.swift; path = EqViewController.swift; sourceTree = "<group>"; };
		A16E163A2254504A00A759A4 /* SimpleEQ-Bridging-Header.h */ = {isa = PBXFileReference; lastKnownFileType = sourcecode.c.h; path = "SimpleEQ-Bridging-Header.h"; sourceTree = "<group>"; };
		A16E165622553CAA00A759A4 /* AudioUnitBase.h */ = {isa = PBXFileReference; fileEncoding = 4; lastKnownFileType = sourcecode.c.h; name = AudioUnitBase.h; path = ../../GenericDSP/Common/AudioUnit/AudioUnitBase.h; sourceTree = "<group>"; };
		A16E165722553CAA00A759A4 /* AudioUnitBase.mm */ = {isa = PBXFileReference; fileEncoding = 4; lastKnownFileType = sourcecode.cpp.objcpp; name = AudioUnitBase.mm; path = ../../GenericDSP/Common/AudioUnit/AudioUnitBase.mm; sourceTree = "<group>"; };
		A16E165922553D3D00A759A4 /* EqAU.h */ = {isa = PBXFileReference; lastKnownFileType = sourcecode.c.h; path = EqAU.h; sourceTree = "<group>"; };
		A16E165A22553D3D00A759A4 /* EqAU.mm */ = {isa = PBXFileReference; lastKnownFileType = sourcecode.cpp.objcpp; path = EqAU.mm; sourceTree = "<group>"; };
		A16E165C22553E6700A759A4 /* EqDsp.hpp */ = {isa = PBXFileReference; lastKnownFileType = sourcecode.cpp.h; path = EqDsp.hpp; sourceTree = "<group>"; };
		A177490B2293982800F0B946 /* VerticalSlider.swift */ = {isa = PBXFileReference; fileEncoding = 4; lastKnownFileType = sourcecode.swift; path = VerticalSlider.swift; sourceTree = "<group>"; };
		A178C1772295ED4D006E5135 /* json.hpp */ = {isa = PBXFileReference; fileEncoding = 4; lastKnownFileType = sourcecode.cpp.h; name = json.hpp; path = ../../Misc/json.hpp; sourceTree = "<group>"; };
		A17EA84B225A863700E4D4B6 /* FreqGraphVc.swift */ = {isa = PBXFileReference; fileEncoding = 4; lastKnownFileType = sourcecode.swift; path = FreqGraphVc.swift; sourceTree = "<group>"; };
		A17EA84F225AEC3600E4D4B6 /* SwiftDsp.swift */ = {isa = PBXFileReference; fileEncoding = 4; lastKnownFileType = sourcecode.swift; path = SwiftDsp.swift; sourceTree = "<group>"; };
		A17FF738225B07EF00FABC64 /* MiscDsp.cpp */ = {isa = PBXFileReference; fileEncoding = 4; lastKnownFileType = sourcecode.cpp.cpp; path = MiscDsp.cpp; sourceTree = "<group>"; };
		A17FF739225B07EF00FABC64 /* MiscDsp.hpp */ = {isa = PBXFileReference; fileEncoding = 4; lastKnownFileType = sourcecode.cpp.h; path = MiscDsp.hpp; sourceTree = "<group>"; };
		A19E6F7A228F8565007BCEE1 /* GenericDsp.hpp */ = {isa = PBXFileReference; fileEncoding = 4; lastKnownFileType = sourcecode.cpp.h; name = GenericDsp.hpp; path = ../../GenericDSP/Common/GenericDSP/GenericDsp.hpp; sourceTree = "<group>"; };
		A19E6F7B228F8565007BCEE1 /* Mixers.hpp */ = {isa = PBXFileReference; fileEncoding = 4; lastKnownFileType = sourcecode.cpp.h; name = Mixers.hpp; path = ../../GenericDSP/Common/GenericDSP/Mixers.hpp; sourceTree = "<group>"; };
		A1B6BBE922971CE10048AC96 /* DspJson.cpp */ = {isa = PBXFileReference; lastKnownFileType = sourcecode.cpp.cpp; name = DspJson.cpp; path = ../../Misc/DspJson.cpp; sourceTree = "<group>"; };
		A1B6BBEA22971CE10048AC96 /* DspJson.hpp */ = {isa = PBXFileReference; lastKnownFileType = sourcecode.cpp.h; name = DspJson.hpp; path = ../../Misc/DspJson.hpp; sourceTree = "<group>"; };
		A1EBC63E224C65E600BC457F /* SimpleEQ.app */ = {isa = PBXFileReference; explicitFileType = wrapper.application; includeInIndex = 0; path = SimpleEQ.app; sourceTree = BUILT_PRODUCTS_DIR; };
		A1EBC641224C65E600BC457F /* AppDelegate.swift */ = {isa = PBXFileReference; lastKnownFileType = sourcecode.swift; path = AppDelegate.swift; sourceTree = "<group>"; };
		A1EBC643224C65E600BC457F /* EqViewContainer.swift */ = {isa = PBXFileReference; lastKnownFileType = sourcecode.swift; path = EqViewContainer.swift; sourceTree = "<group>"; };
		A1EBC646224C65E600BC457F /* Base */ = {isa = PBXFileReference; lastKnownFileType = file.storyboard; name = Base; path = Base.lproj/Main.storyboard; sourceTree = "<group>"; };
		A1EBC648224C65E700BC457F /* Assets.xcassets */ = {isa = PBXFileReference; lastKnownFileType = folder.assetcatalog; path = Assets.xcassets; sourceTree = "<group>"; };
		A1EBC64B224C65E700BC457F /* Base */ = {isa = PBXFileReference; lastKnownFileType = file.storyboard; name = Base; path = Base.lproj/LaunchScreen.storyboard; sourceTree = "<group>"; };
		A1EBC64D224C65E700BC457F /* Info.plist */ = {isa = PBXFileReference; lastKnownFileType = text.plist.xml; path = Info.plist; sourceTree = "<group>"; };
		A1EBC652224C65E700BC457F /* SimpleEQTests.xctest */ = {isa = PBXFileReference; explicitFileType = wrapper.cfbundle; includeInIndex = 0; path = SimpleEQTests.xctest; sourceTree = BUILT_PRODUCTS_DIR; };
		A1EBC656224C65E700BC457F /* SimpleEQTests.swift */ = {isa = PBXFileReference; lastKnownFileType = sourcecode.swift; path = SimpleEQTests.swift; sourceTree = "<group>"; };
		A1EBC658224C65E700BC457F /* Info.plist */ = {isa = PBXFileReference; lastKnownFileType = text.plist.xml; path = Info.plist; sourceTree = "<group>"; };
		A1EBC65D224C65E700BC457F /* SimpleEQUITests.xctest */ = {isa = PBXFileReference; explicitFileType = wrapper.cfbundle; includeInIndex = 0; path = SimpleEQUITests.xctest; sourceTree = BUILT_PRODUCTS_DIR; };
		A1EBC661224C65E700BC457F /* SimpleEQUITests.swift */ = {isa = PBXFileReference; lastKnownFileType = sourcecode.swift; path = SimpleEQUITests.swift; sourceTree = "<group>"; };
		A1EBC663224C65E700BC457F /* Info.plist */ = {isa = PBXFileReference; lastKnownFileType = text.plist.xml; path = Info.plist; sourceTree = "<group>"; };
		A1EBC670224C660500BC457F /* Accelerate.framework */ = {isa = PBXFileReference; lastKnownFileType = wrapper.framework; name = Accelerate.framework; path = System/Library/Frameworks/Accelerate.framework; sourceTree = SDKROOT; };
		A1EBC672224C660F00BC457F /* QuartzCore.framework */ = {isa = PBXFileReference; lastKnownFileType = wrapper.framework; name = QuartzCore.framework; path = System/Library/Frameworks/QuartzCore.framework; sourceTree = SDKROOT; };
		A1EBC676224C66E900BC457F /* CorePlot.framework */ = {isa = PBXFileReference; lastKnownFileType = wrapper.framework; name = CorePlot.framework; path = ../../coreplot_2.2/Binaries/iOS/CorePlot.framework; sourceTree = "<group>"; };
		A1FB038B229F60140015B393 /* CorePlot.framework */ = {isa = PBXFileReference; lastKnownFileType = wrapper.framework; name = CorePlot.framework; path = ../coreplot_2.2/Binaries/iOS/CorePlot.framework; sourceTree = "<group>"; };
/* End PBXFileReference section */

/* Begin PBXFrameworksBuildPhase section */
		A1EBC63B224C65E600BC457F /* Frameworks */ = {
			isa = PBXFrameworksBuildPhase;
			buildActionMask = 2147483647;
			files = (
				A15215CB22629BE400548D68 /* libCorePlot-CocoaTouch.a in Frameworks */,
				A1EBC671224C660500BC457F /* Accelerate.framework in Frameworks */,
				A12174372258385D00D086AA /* AVFoundation.framework in Frameworks */,
				A12174382258390C00D086AA /* AudioToolbox.framework in Frameworks */,
				A1EBC673224C660F00BC457F /* QuartzCore.framework in Frameworks */,
			);
			runOnlyForDeploymentPostprocessing = 0;
		};
		A1EBC64F224C65E700BC457F /* Frameworks */ = {
			isa = PBXFrameworksBuildPhase;
			buildActionMask = 2147483647;
			files = (
			);
			runOnlyForDeploymentPostprocessing = 0;
		};
		A1EBC65A224C65E700BC457F /* Frameworks */ = {
			isa = PBXFrameworksBuildPhase;
			buildActionMask = 2147483647;
			files = (
			);
			runOnlyForDeploymentPostprocessing = 0;
		};
/* End PBXFrameworksBuildPhase section */

/* Begin PBXGroup section */
		A16E163922544FEB00A759A4 /* UiCommon */ = {
			isa = PBXGroup;
			children = (
				A177490B2293982800F0B946 /* VerticalSlider.swift */,
				A11F87B2227FB99600DEF43C /* ParamCombo.swift */,
				A11F87B0227FB8DC00DEF43C /* Meters.swift */,
			);
			name = UiCommon;
			path = ../UiCommon;
			sourceTree = "<group>";
		};
		A16E1646225450ED00A759A4 /* Audio */ = {
			isa = PBXGroup;
			children = (
				A19E6F7A228F8565007BCEE1 /* GenericDsp.hpp */,
				A19E6F7B228F8565007BCEE1 /* Mixers.hpp */,
				A10B35DA227FDE000037A873 /* MiscBlocks.hpp */,
				A121743922583F0E00D086AA /* BiquadChain.hpp */,
				A1217432225835F800D086AA /* CoefGen.cpp */,
				A16E165622553CAA00A759A4 /* AudioUnitBase.h */,
				A16E165722553CAA00A759A4 /* AudioUnitBase.mm */,
				A16E165922553D3D00A759A4 /* EqAU.h */,
				A16E165A22553D3D00A759A4 /* EqAU.mm */,
				A16E165C22553E6700A759A4 /* EqDsp.hpp */,
				A17FF738225B07EF00FABC64 /* MiscDsp.cpp */,
				A17FF739225B07EF00FABC64 /* MiscDsp.hpp */,
				A10B35D9227FDCB20037A873 /* Dynamics.hpp */,
				A17EA84F225AEC3600E4D4B6 /* SwiftDsp.swift */,
				A15215CC2262DA7400548D68 /* AudioPath.swift */,
			);
			path = Audio;
			sourceTree = "<group>";
		};
		A1EBC635224C65E500BC457F = {
			isa = PBXGroup;
			children = (
				A1FB038B229F60140015B393 /* CorePlot.framework */,
				A16E1646225450ED00A759A4 /* Audio */,
				A16E163922544FEB00A759A4 /* UiCommon */,
				A1EBC640224C65E600BC457F /* SimpleEQ */,
				A1EBC655224C65E700BC457F /* SimpleEQTests */,
				A1EBC660224C65E700BC457F /* SimpleEQUITests */,
				A1EBC63F224C65E600BC457F /* Products */,
				A1EBC66F224C660400BC457F /* Frameworks */,
			);
			sourceTree = "<group>";
		};
		A1EBC63F224C65E600BC457F /* Products */ = {
			isa = PBXGroup;
			children = (
				A1EBC63E224C65E600BC457F /* SimpleEQ.app */,
				A1EBC652224C65E700BC457F /* SimpleEQTests.xctest */,
				A1EBC65D224C65E700BC457F /* SimpleEQUITests.xctest */,
			);
			name = Products;
			sourceTree = "<group>";
		};
		A1EBC640224C65E600BC457F /* SimpleEQ */ = {
			isa = PBXGroup;
			children = (
				A178C1772295ED4D006E5135 /* json.hpp */,
				A1EBC645224C65E600BC457F /* Main.storyboard */,
				A1EBC641224C65E600BC457F /* AppDelegate.swift */,
				A17EA84B225A863700E4D4B6 /* FreqGraphVc.swift */,
				A16E163722544FCE00A759A4 /* EqViewController.swift */,
				A1EBC643224C65E600BC457F /* EqViewContainer.swift */,
				A14E55F7228649EA00FBE5DC /* LevelsViewController.swift */,
				A16E163A2254504A00A759A4 /* SimpleEQ-Bridging-Header.h */,
				A1EBC648224C65E700BC457F /* Assets.xcassets */,
				A1EBC64A224C65E700BC457F /* LaunchScreen.storyboard */,
				A1EBC64D224C65E700BC457F /* Info.plist */,
				A1B6BBE922971CE10048AC96 /* DspJson.cpp */,
				A1B6BBEA22971CE10048AC96 /* DspJson.hpp */,
			);
			path = SimpleEQ;
			sourceTree = "<group>";
		};
		A1EBC655224C65E700BC457F /* SimpleEQTests */ = {
			isa = PBXGroup;
			children = (
				A1EBC656224C65E700BC457F /* SimpleEQTests.swift */,
				A1EBC658224C65E700BC457F /* Info.plist */,
			);
			path = SimpleEQTests;
			sourceTree = "<group>";
		};
		A1EBC660224C65E700BC457F /* SimpleEQUITests */ = {
			isa = PBXGroup;
			children = (
				A1EBC661224C65E700BC457F /* SimpleEQUITests.swift */,
				A1EBC663224C65E700BC457F /* Info.plist */,
			);
			path = SimpleEQUITests;
			sourceTree = "<group>";
		};
		A1EBC66F224C660400BC457F /* Frameworks */ = {
			isa = PBXGroup;
			children = (
				A15215CA22629BE400548D68 /* libCorePlot-CocoaTouch.a */,
				A12174362258385D00D086AA /* AVFoundation.framework */,
				A1217430225835C900D086AA /* AudioToolbox.framework */,
				A1EBC676224C66E900BC457F /* CorePlot.framework */,
				A1EBC672224C660F00BC457F /* QuartzCore.framework */,
				A1EBC670224C660500BC457F /* Accelerate.framework */,
			);
			name = Frameworks;
			sourceTree = "<group>";
		};
/* End PBXGroup section */

/* Begin PBXNativeTarget section */
		A1EBC63D224C65E600BC457F /* SimpleEQ */ = {
			isa = PBXNativeTarget;
			buildConfigurationList = A1EBC666224C65E700BC457F /* Build configuration list for PBXNativeTarget "SimpleEQ" */;
			buildPhases = (
				A1EBC63A224C65E600BC457F /* Sources */,
				A1EBC63B224C65E600BC457F /* Frameworks */,
				A1EBC63C224C65E600BC457F /* Resources */,
				A16E16532254571700A759A4 /* Embed Frameworks */,
			);
			buildRules = (
			);
			dependencies = (
			);
			name = SimpleEQ;
			productName = SimpleEQ;
			productReference = A1EBC63E224C65E600BC457F /* SimpleEQ.app */;
			productType = "com.apple.product-type.application";
		};
		A1EBC651224C65E700BC457F /* SimpleEQTests */ = {
			isa = PBXNativeTarget;
			buildConfigurationList = A1EBC669224C65E700BC457F /* Build configuration list for PBXNativeTarget "SimpleEQTests" */;
			buildPhases = (
				A1EBC64E224C65E700BC457F /* Sources */,
				A1EBC64F224C65E700BC457F /* Frameworks */,
				A1EBC650224C65E700BC457F /* Resources */,
			);
			buildRules = (
			);
			dependencies = (
				A1EBC654224C65E700BC457F /* PBXTargetDependency */,
			);
			name = SimpleEQTests;
			productName = SimpleEQTests;
			productReference = A1EBC652224C65E700BC457F /* SimpleEQTests.xctest */;
			productType = "com.apple.product-type.bundle.unit-test";
		};
		A1EBC65C224C65E700BC457F /* SimpleEQUITests */ = {
			isa = PBXNativeTarget;
			buildConfigurationList = A1EBC66C224C65E700BC457F /* Build configuration list for PBXNativeTarget "SimpleEQUITests" */;
			buildPhases = (
				A1EBC659224C65E700BC457F /* Sources */,
				A1EBC65A224C65E700BC457F /* Frameworks */,
				A1EBC65B224C65E700BC457F /* Resources */,
			);
			buildRules = (
			);
			dependencies = (
				A1EBC65F224C65E700BC457F /* PBXTargetDependency */,
			);
			name = SimpleEQUITests;
			productName = SimpleEQUITests;
			productReference = A1EBC65D224C65E700BC457F /* SimpleEQUITests.xctest */;
			productType = "com.apple.product-type.bundle.ui-testing";
		};
/* End PBXNativeTarget section */

/* Begin PBXProject section */
		A1EBC636224C65E500BC457F /* Project object */ = {
			isa = PBXProject;
			attributes = {
				LastSwiftUpdateCheck = 1010;
				LastUpgradeCheck = 1010;
				ORGANIZATIONNAME = "Andrew Voelkel";
				TargetAttributes = {
					A1EBC63D224C65E600BC457F = {
						CreatedOnToolsVersion = 10.1;
						LastSwiftMigration = 1010;
					};
					A1EBC651224C65E700BC457F = {
						CreatedOnToolsVersion = 10.1;
						TestTargetID = A1EBC63D224C65E600BC457F;
					};
					A1EBC65C224C65E700BC457F = {
						CreatedOnToolsVersion = 10.1;
						TestTargetID = A1EBC63D224C65E600BC457F;
					};
				};
			};
			buildConfigurationList = A1EBC639224C65E500BC457F /* Build configuration list for PBXProject "SimpleEQ" */;
			compatibilityVersion = "Xcode 9.3";
			developmentRegion = en;
			hasScannedForEncodings = 0;
			knownRegions = (
				en,
				Base,
			);
			mainGroup = A1EBC635224C65E500BC457F;
			productRefGroup = A1EBC63F224C65E600BC457F /* Products */;
			projectDirPath = "";
			projectRoot = "";
			targets = (
				A1EBC63D224C65E600BC457F /* SimpleEQ */,
				A1EBC651224C65E700BC457F /* SimpleEQTests */,
				A1EBC65C224C65E700BC457F /* SimpleEQUITests */,
			);
		};
/* End PBXProject section */

/* Begin PBXResourcesBuildPhase section */
		A1EBC63C224C65E600BC457F /* Resources */ = {
			isa = PBXResourcesBuildPhase;
			buildActionMask = 2147483647;
			files = (
				A1EBC64C224C65E700BC457F /* LaunchScreen.storyboard in Resources */,
				A1EBC649224C65E700BC457F /* Assets.xcassets in Resources */,
				A1EBC647224C65E600BC457F /* Main.storyboard in Resources */,
			);
			runOnlyForDeploymentPostprocessing = 0;
		};
		A1EBC650224C65E700BC457F /* Resources */ = {
			isa = PBXResourcesBuildPhase;
			buildActionMask = 2147483647;
			files = (
			);
			runOnlyForDeploymentPostprocessing = 0;
		};
		A1EBC65B224C65E700BC457F /* Resources */ = {
			isa = PBXResourcesBuildPhase;
			buildActionMask = 2147483647;
			files = (
			);
			runOnlyForDeploymentPostprocessing = 0;
		};
/* End PBXResourcesBuildPhase section */

/* Begin PBXSourcesBuildPhase section */
		A1EBC63A224C65E600BC457F /* Sources */ = {
			isa = PBXSourcesBuildPhase;
			buildActionMask = 2147483647;
			files = (
				A11F87B3227FB99600DEF43C /* ParamCombo.swift in Sources */,
				A15215CD2262DA7400548D68 /* AudioPath.swift in Sources */,
				A14E55F8228649EA00FBE5DC /* LevelsViewController.swift in Sources */,
				A11F87B1227FB8DC00DEF43C /* Meters.swift in Sources */,
				A1EBC644224C65E600BC457F /* EqViewContainer.swift in Sources */,
				A1217433225835F800D086AA /* CoefGen.cpp in Sources */,
				A17EA850225AEC3700E4D4B6 /* SwiftDsp.swift in Sources */,
				A1B6BBEB22971CE10048AC96 /* DspJson.cpp in Sources */,
				A16E165B22553D3D00A759A4 /* EqAU.mm in Sources */,
				A177490C2293982800F0B946 /* VerticalSlider.swift in Sources */,
				A1EBC642224C65E600BC457F /* AppDelegate.swift in Sources */,
				A17EA84D225A863700E4D4B6 /* FreqGraphVc.swift in Sources */,
				A17FF73A225B07EF00FABC64 /* MiscDsp.cpp in Sources */,
				A16E163822544FCE00A759A4 /* EqViewController.swift in Sources */,
				A16E165822553CAB00A759A4 /* AudioUnitBase.mm in Sources */,
			);
			runOnlyForDeploymentPostprocessing = 0;
		};
		A1EBC64E224C65E700BC457F /* Sources */ = {
			isa = PBXSourcesBuildPhase;
			buildActionMask = 2147483647;
			files = (
				A1EBC657224C65E700BC457F /* SimpleEQTests.swift in Sources */,
			);
			runOnlyForDeploymentPostprocessing = 0;
		};
		A1EBC659224C65E700BC457F /* Sources */ = {
			isa = PBXSourcesBuildPhase;
			buildActionMask = 2147483647;
			files = (
				A1EBC662224C65E700BC457F /* SimpleEQUITests.swift in Sources */,
			);
			runOnlyForDeploymentPostprocessing = 0;
		};
/* End PBXSourcesBuildPhase section */

/* Begin PBXTargetDependency section */
		A1EBC654224C65E700BC457F /* PBXTargetDependency */ = {
			isa = PBXTargetDependency;
			target = A1EBC63D224C65E600BC457F /* SimpleEQ */;
			targetProxy = A1EBC653224C65E700BC457F /* PBXContainerItemProxy */;
		};
		A1EBC65F224C65E700BC457F /* PBXTargetDependency */ = {
			isa = PBXTargetDependency;
			target = A1EBC63D224C65E600BC457F /* SimpleEQ */;
			targetProxy = A1EBC65E224C65E700BC457F /* PBXContainerItemProxy */;
		};
/* End PBXTargetDependency section */

/* Begin PBXVariantGroup section */
		A1EBC645224C65E600BC457F /* Main.storyboard */ = {
			isa = PBXVariantGroup;
			children = (
				A1EBC646224C65E600BC457F /* Base */,
			);
			name = Main.storyboard;
			sourceTree = "<group>";
		};
		A1EBC64A224C65E700BC457F /* LaunchScreen.storyboard */ = {
			isa = PBXVariantGroup;
			children = (
				A1EBC64B224C65E700BC457F /* Base */,
			);
			name = LaunchScreen.storyboard;
			sourceTree = "<group>";
		};
/* End PBXVariantGroup section */

/* Begin XCBuildConfiguration section */
		A1EBC664224C65E700BC457F /* Debug */ = {
			isa = XCBuildConfiguration;
			buildSettings = {
				ALWAYS_SEARCH_USER_PATHS = NO;
				CLANG_ANALYZER_NONNULL = YES;
				CLANG_ANALYZER_NUMBER_OBJECT_CONVERSION = YES_AGGRESSIVE;
				CLANG_CXX_LANGUAGE_STANDARD = "gnu++14";
				CLANG_CXX_LIBRARY = "libc++";
				CLANG_ENABLE_MODULES = YES;
				CLANG_ENABLE_OBJC_ARC = YES;
				CLANG_ENABLE_OBJC_WEAK = YES;
				CLANG_WARN_BLOCK_CAPTURE_AUTORELEASING = YES;
				CLANG_WARN_BOOL_CONVERSION = YES;
				CLANG_WARN_COMMA = YES;
				CLANG_WARN_CONSTANT_CONVERSION = YES;
				CLANG_WARN_DEPRECATED_OBJC_IMPLEMENTATIONS = YES;
				CLANG_WARN_DIRECT_OBJC_ISA_USAGE = YES_ERROR;
				CLANG_WARN_DOCUMENTATION_COMMENTS = YES;
				CLANG_WARN_EMPTY_BODY = YES;
				CLANG_WARN_ENUM_CONVERSION = YES;
				CLANG_WARN_INFINITE_RECURSION = YES;
				CLANG_WARN_INT_CONVERSION = YES;
				CLANG_WARN_NON_LITERAL_NULL_CONVERSION = YES;
				CLANG_WARN_OBJC_IMPLICIT_RETAIN_SELF = YES;
				CLANG_WARN_OBJC_LITERAL_CONVERSION = YES;
				CLANG_WARN_OBJC_ROOT_CLASS = YES_ERROR;
				CLANG_WARN_RANGE_LOOP_ANALYSIS = YES;
				CLANG_WARN_STRICT_PROTOTYPES = YES;
				CLANG_WARN_SUSPICIOUS_MOVE = YES;
				CLANG_WARN_UNGUARDED_AVAILABILITY = YES_AGGRESSIVE;
				CLANG_WARN_UNREACHABLE_CODE = YES;
				CLANG_WARN__DUPLICATE_METHOD_MATCH = YES;
				CODE_SIGN_IDENTITY = "iPhone Developer";
				COPY_PHASE_STRIP = NO;
				DEBUG_INFORMATION_FORMAT = dwarf;
				ENABLE_STRICT_OBJC_MSGSEND = YES;
				ENABLE_TESTABILITY = YES;
				FRAMEWORK_SEARCH_PATHS = "$(PROJECT_DIR)/../UiTools/UiTools";
				GCC_C_LANGUAGE_STANDARD = gnu11;
				GCC_DYNAMIC_NO_PIC = NO;
				GCC_NO_COMMON_BLOCKS = YES;
				GCC_OPTIMIZATION_LEVEL = 0;
				GCC_PREPROCESSOR_DEFINITIONS = (
					"DEBUG=1",
					"$(inherited)",
				);
				GCC_WARN_64_TO_32_BIT_CONVERSION = YES;
				GCC_WARN_ABOUT_RETURN_TYPE = YES_ERROR;
				GCC_WARN_UNDECLARED_SELECTOR = YES;
				GCC_WARN_UNINITIALIZED_AUTOS = YES_AGGRESSIVE;
				GCC_WARN_UNUSED_FUNCTION = YES;
				GCC_WARN_UNUSED_VARIABLE = YES;
				HEADER_SEARCH_PATHS = (
					"$(PROJECT_DIR)/../GenericDsp/Common/**",
					"$(PROJECT_DIR)/../coreplot_2.2/Binaries/iOS/CorePlotHeaders",
					"$(PROJECT_DIR)/../Misc",
				);
				IPHONEOS_DEPLOYMENT_TARGET = 12.1;
				MTL_ENABLE_DEBUG_INFO = INCLUDE_SOURCE;
				MTL_FAST_MATH = YES;
				ONLY_ACTIVE_ARCH = YES;
				SDKROOT = iphoneos;
				SWIFT_ACTIVE_COMPILATION_CONDITIONS = DEBUG;
				SWIFT_OPTIMIZATION_LEVEL = "-Onone";
			};
			name = Debug;
		};
		A1EBC665224C65E700BC457F /* Release */ = {
			isa = XCBuildConfiguration;
			buildSettings = {
				ALWAYS_SEARCH_USER_PATHS = NO;
				CLANG_ANALYZER_NONNULL = YES;
				CLANG_ANALYZER_NUMBER_OBJECT_CONVERSION = YES_AGGRESSIVE;
				CLANG_CXX_LANGUAGE_STANDARD = "gnu++14";
				CLANG_CXX_LIBRARY = "libc++";
				CLANG_ENABLE_MODULES = YES;
				CLANG_ENABLE_OBJC_ARC = YES;
				CLANG_ENABLE_OBJC_WEAK = YES;
				CLANG_WARN_BLOCK_CAPTURE_AUTORELEASING = YES;
				CLANG_WARN_BOOL_CONVERSION = YES;
				CLANG_WARN_COMMA = YES;
				CLANG_WARN_CONSTANT_CONVERSION = YES;
				CLANG_WARN_DEPRECATED_OBJC_IMPLEMENTATIONS = YES;
				CLANG_WARN_DIRECT_OBJC_ISA_USAGE = YES_ERROR;
				CLANG_WARN_DOCUMENTATION_COMMENTS = YES;
				CLANG_WARN_EMPTY_BODY = YES;
				CLANG_WARN_ENUM_CONVERSION = YES;
				CLANG_WARN_INFINITE_RECURSION = YES;
				CLANG_WARN_INT_CONVERSION = YES;
				CLANG_WARN_NON_LITERAL_NULL_CONVERSION = YES;
				CLANG_WARN_OBJC_IMPLICIT_RETAIN_SELF = YES;
				CLANG_WARN_OBJC_LITERAL_CONVERSION = YES;
				CLANG_WARN_OBJC_ROOT_CLASS = YES_ERROR;
				CLANG_WARN_RANGE_LOOP_ANALYSIS = YES;
				CLANG_WARN_STRICT_PROTOTYPES = YES;
				CLANG_WARN_SUSPICIOUS_MOVE = YES;
				CLANG_WARN_UNGUARDED_AVAILABILITY = YES_AGGRESSIVE;
				CLANG_WARN_UNREACHABLE_CODE = YES;
				CLANG_WARN__DUPLICATE_METHOD_MATCH = YES;
				CODE_SIGN_IDENTITY = "iPhone Developer";
				COPY_PHASE_STRIP = NO;
				DEBUG_INFORMATION_FORMAT = "dwarf-with-dsym";
				ENABLE_NS_ASSERTIONS = NO;
				ENABLE_STRICT_OBJC_MSGSEND = YES;
				FRAMEWORK_SEARCH_PATHS = "$(PROJECT_DIR)/../UiTools/UiTools";
				GCC_C_LANGUAGE_STANDARD = gnu11;
				GCC_NO_COMMON_BLOCKS = YES;
				GCC_WARN_64_TO_32_BIT_CONVERSION = YES;
				GCC_WARN_ABOUT_RETURN_TYPE = YES_ERROR;
				GCC_WARN_UNDECLARED_SELECTOR = YES;
				GCC_WARN_UNINITIALIZED_AUTOS = YES_AGGRESSIVE;
				GCC_WARN_UNUSED_FUNCTION = YES;
				GCC_WARN_UNUSED_VARIABLE = YES;
				HEADER_SEARCH_PATHS = (
					"$(PROJECT_DIR)/../GenericDsp/Common/**",
					"$(PROJECT_DIR)/../coreplot_2.2/Binaries/iOS/CorePlotHeaders",
					"$(PROJECT_DIR)/../Misc",
				);
				IPHONEOS_DEPLOYMENT_TARGET = 12.1;
				MTL_ENABLE_DEBUG_INFO = NO;
				MTL_FAST_MATH = YES;
				SDKROOT = iphoneos;
				SWIFT_COMPILATION_MODE = wholemodule;
				SWIFT_OPTIMIZATION_LEVEL = "-O";
				VALIDATE_PRODUCT = YES;
			};
			name = Release;
		};
		A1EBC667224C65E700BC457F /* Debug */ = {
			isa = XCBuildConfiguration;
			buildSettings = {
				ASSETCATALOG_COMPILER_APPICON_NAME = AppIcon;
				CLANG_ENABLE_MODULES = YES;
				CODE_SIGN_STYLE = Automatic;
				DEVELOPMENT_TEAM = UUJ7MD9292;
				FRAMEWORK_SEARCH_PATHS = "";
				HEADER_SEARCH_PATHS = "$(inherited)";
				INFOPLIST_FILE = SimpleEQ/Info.plist;
				LD_RUNPATH_SEARCH_PATHS = (
					"$(inherited)",
					"@executable_path/Frameworks",
				);
				LIBRARY_SEARCH_PATHS = "$(PROJECT_DIR)/../coreplot_2.2/Binaries/iOS";
				OTHER_LDFLAGS = "-ObjC";
				PRODUCT_BUNDLE_IDENTIFIER = AWV.SimpleEQ;
				PRODUCT_NAME = "$(TARGET_NAME)";
				SWIFT_OBJC_BRIDGING_HEADER = "SimpleEQ/SimpleEQ-Bridging-Header.h";
				SWIFT_OPTIMIZATION_LEVEL = "-Onone";
				SWIFT_VERSION = 4.2;
				TARGETED_DEVICE_FAMILY = 2;
			};
			name = Debug;
		};
		A1EBC668224C65E700BC457F /* Release */ = {
			isa = XCBuildConfiguration;
			buildSettings = {
				ASSETCATALOG_COMPILER_APPICON_NAME = AppIcon;
				CLANG_ENABLE_MODULES = YES;
				CODE_SIGN_STYLE = Automatic;
				DEVELOPMENT_TEAM = UUJ7MD9292;
				FRAMEWORK_SEARCH_PATHS = "";
				HEADER_SEARCH_PATHS = "$(inherited)";
				INFOPLIST_FILE = SimpleEQ/Info.plist;
				LD_RUNPATH_SEARCH_PATHS = (
					"$(inherited)",
					"@executable_path/Frameworks",
				);
				LIBRARY_SEARCH_PATHS = "$(PROJECT_DIR)/../coreplot_2.2/Binaries/iOS";
				OTHER_LDFLAGS = "-ObjC";
				PRODUCT_BUNDLE_IDENTIFIER = AWV.SimpleEQ;
				PRODUCT_NAME = "$(TARGET_NAME)";
				SWIFT_OBJC_BRIDGING_HEADER = "SimpleEQ/SimpleEQ-Bridging-Header.h";
				SWIFT_VERSION = 4.2;
				TARGETED_DEVICE_FAMILY = 2;
			};
			name = Release;
		};
		A1EBC66A224C65E700BC457F /* Debug */ = {
			isa = XCBuildConfiguration;
			buildSettings = {
				ALWAYS_EMBED_SWIFT_STANDARD_LIBRARIES = YES;
				BUNDLE_LOADER = "$(TEST_HOST)";
				CODE_SIGN_STYLE = Automatic;
				DEVELOPMENT_TEAM = UUJ7MD9292;
				INFOPLIST_FILE = SimpleEQTests/Info.plist;
				LD_RUNPATH_SEARCH_PATHS = (
					"$(inherited)",
					"@executable_path/Frameworks",
					"@loader_path/Frameworks",
				);
				PRODUCT_BUNDLE_IDENTIFIER = AWV.SimpleEQTests;
				PRODUCT_NAME = "$(TARGET_NAME)";
				SWIFT_VERSION = 4.2;
				TARGETED_DEVICE_FAMILY = "1,2";
				TEST_HOST = "$(BUILT_PRODUCTS_DIR)/SimpleEQ.app/SimpleEQ";
			};
			name = Debug;
		};
		A1EBC66B224C65E700BC457F /* Release */ = {
			isa = XCBuildConfiguration;
			buildSettings = {
				ALWAYS_EMBED_SWIFT_STANDARD_LIBRARIES = YES;
				BUNDLE_LOADER = "$(TEST_HOST)";
				CODE_SIGN_STYLE = Automatic;
				DEVELOPMENT_TEAM = UUJ7MD9292;
				INFOPLIST_FILE = SimpleEQTests/Info.plist;
				LD_RUNPATH_SEARCH_PATHS = (
					"$(inherited)",
					"@executable_path/Frameworks",
					"@loader_path/Frameworks",
				);
				PRODUCT_BUNDLE_IDENTIFIER = AWV.SimpleEQTests;
				PRODUCT_NAME = "$(TARGET_NAME)";
				SWIFT_VERSION = 4.2;
				TARGETED_DEVICE_FAMILY = "1,2";
				TEST_HOST = "$(BUILT_PRODUCTS_DIR)/SimpleEQ.app/SimpleEQ";
			};
			name = Release;
		};
		A1EBC66D224C65E700BC457F /* Debug */ = {
			isa = XCBuildConfiguration;
			buildSettings = {
				ALWAYS_EMBED_SWIFT_STANDARD_LIBRARIES = YES;
				CODE_SIGN_STYLE = Automatic;
				DEVELOPMENT_TEAM = UUJ7MD9292;
				INFOPLIST_FILE = SimpleEQUITests/Info.plist;
				LD_RUNPATH_SEARCH_PATHS = (
					"$(inherited)",
					"@executable_path/Frameworks",
					"@loader_path/Frameworks",
				);
				PRODUCT_BUNDLE_IDENTIFIER = AWV.SimpleEQUITests;
				PRODUCT_NAME = "$(TARGET_NAME)";
				SWIFT_VERSION = 4.2;
				TARGETED_DEVICE_FAMILY = "1,2";
				TEST_TARGET_NAME = SimpleEQ;
			};
			name = Debug;
		};
		A1EBC66E224C65E700BC457F /* Release */ = {
			isa = XCBuildConfiguration;
			buildSettings = {
				ALWAYS_EMBED_SWIFT_STANDARD_LIBRARIES = YES;
				CODE_SIGN_STYLE = Automatic;
				DEVELOPMENT_TEAM = UUJ7MD9292;
				INFOPLIST_FILE = SimpleEQUITests/Info.plist;
				LD_RUNPATH_SEARCH_PATHS = (
					"$(inherited)",
					"@executable_path/Frameworks",
					"@loader_path/Frameworks",
				);
				PRODUCT_BUNDLE_IDENTIFIER = AWV.SimpleEQUITests;
				PRODUCT_NAME = "$(TARGET_NAME)";
				SWIFT_VERSION = 4.2;
				TARGETED_DEVICE_FAMILY = "1,2";
				TEST_TARGET_NAME = SimpleEQ;
			};
			name = Release;
		};
/* End XCBuildConfiguration section */

/* Begin XCConfigurationList section */
		A1EBC639224C65E500BC457F /* Build configuration list for PBXProject "SimpleEQ" */ = {
			isa = XCConfigurationList;
			buildConfigurations = (
				A1EBC664224C65E700BC457F /* Debug */,
				A1EBC665224C65E700BC457F /* Release */,
			);
			defaultConfigurationIsVisible = 0;
			defaultConfigurationName = Release;
		};
		A1EBC666224C65E700BC457F /* Build configuration list for PBXNativeTarget "SimpleEQ" */ = {
			isa = XCConfigurationList;
			buildConfigurations = (
				A1EBC667224C65E700BC457F /* Debug */,
				A1EBC668224C65E700BC457F /* Release */,
			);
			defaultConfigurationIsVisible = 0;
			defaultConfigurationName = Release;
		};
		A1EBC669224C65E700BC457F /* Build configuration list for PBXNativeTarget "SimpleEQTests" */ = {
			isa = XCConfigurationList;
			buildConfigurations = (
				A1EBC66A224C65E700BC457F /* Debug */,
				A1EBC66B224C65E700BC457F /* Release */,
			);
			defaultConfigurationIsVisible = 0;
			defaultConfigurationName = Release;
		};
		A1EBC66C224C65E700BC457F /* Build configuration list for PBXNativeTarget "SimpleEQUITests" */ = {
			isa = XCConfigurationList;
			buildConfigurations = (
				A1EBC66D224C65E700BC457F /* Debug */,
				A1EBC66E224C65E700BC457F /* Release */,
			);
			defaultConfigurationIsVisible = 0;
			defaultConfigurationName = Release;
		};
/* End XCConfigurationList section */
	};
	rootObject = A1EBC636224C65E500BC457F /* Project object */;
}
