// !$*UTF8*$!
{
	archiveVersion = 1;
	classes = {
	};
	objectVersion = 50;
	objects = {

/* Begin PBXBuildFile section */
		A1C5EFF721938AA100A631DE /* Intro.mp4 in Resources */ = {isa = PBXBuildFile; fileRef = A1C5EFF621938AA100A631DE /* Intro.mp4 */; };
		A1E0440F219362DF00A02C78 /* AppDelegate.swift in Sources */ = {isa = PBXBuildFile; fileRef = A1E0440E219362DF00A02C78 /* AppDelegate.swift */; };
		A1E04411219362DF00A02C78 /* ViewController.swift in Sources */ = {isa = PBXBuildFile; fileRef = A1E04410219362DF00A02C78 /* ViewController.swift */; };
		A1E04414219362DF00A02C78 /* Main.storyboard in Resources */ = {isa = PBXBuildFile; fileRef = A1E04412219362DF00A02C78 /* Main.storyboard */; };
		A1E04416219362E100A02C78 /* Assets.xcassets in Resources */ = {isa = PBXBuildFile; fileRef = A1E04415219362E100A02C78 /* Assets.xcassets */; };
		A1E04419219362E100A02C78 /* LaunchScreen.storyboard in Resources */ = {isa = PBXBuildFile; fileRef = A1E04417219362E100A02C78 /* LaunchScreen.storyboard */; };
		A1E04424219362E100A02C78 /* AVAudioEngine_Wire_iOSTests.swift in Sources */ = {isa = PBXBuildFile; fileRef = A1E04423219362E100A02C78 /* AVAudioEngine_Wire_iOSTests.swift */; };
		A1E0442F219362E100A02C78 /* AVAudioEngine_Wire_iOSUITests.swift in Sources */ = {isa = PBXBuildFile; fileRef = A1E0442E219362E100A02C78 /* AVAudioEngine_Wire_iOSUITests.swift */; };
		A1E0443F21936F9500A02C78 /* sine.wav in Resources */ = {isa = PBXBuildFile; fileRef = A1E0443E21936F9500A02C78 /* sine.wav */; };
/* End PBXBuildFile section */

/* Begin PBXContainerItemProxy section */
		A1E04420219362E100A02C78 /* PBXContainerItemProxy */ = {
			isa = PBXContainerItemProxy;
			containerPortal = A1E04403219362DF00A02C78 /* Project object */;
			proxyType = 1;
			remoteGlobalIDString = A1E0440A219362DF00A02C78;
			remoteInfo = "AVAudioEngine Wire iOS";
		};
		A1E0442B219362E100A02C78 /* PBXContainerItemProxy */ = {
			isa = PBXContainerItemProxy;
			containerPortal = A1E04403219362DF00A02C78 /* Project object */;
			proxyType = 1;
			remoteGlobalIDString = A1E0440A219362DF00A02C78;
			remoteInfo = "AVAudioEngine Wire iOS";
		};
/* End PBXContainerItemProxy section */

/* Begin PBXFileReference section */
		A1C5EFF621938AA100A631DE /* Intro.mp4 */ = {isa = PBXFileReference; lastKnownFileType = file; path = Intro.mp4; sourceTree = "<group>"; };
		A1E0440B219362DF00A02C78 /* AVAudioEngine Wire iOS.app */ = {isa = PBXFileReference; explicitFileType = wrapper.application; includeInIndex = 0; path = "AVAudioEngine Wire iOS.app"; sourceTree = BUILT_PRODUCTS_DIR; };
		A1E0440E219362DF00A02C78 /* AppDelegate.swift */ = {isa = PBXFileReference; lastKnownFileType = sourcecode.swift; path = AppDelegate.swift; sourceTree = "<group>"; };
		A1E04410219362DF00A02C78 /* ViewController.swift */ = {isa = PBXFileReference; lastKnownFileType = sourcecode.swift; path = ViewController.swift; sourceTree = "<group>"; };
		A1E04413219362DF00A02C78 /* Base */ = {isa = PBXFileReference; lastKnownFileType = file.storyboard; name = Base; path = Base.lproj/Main.storyboard; sourceTree = "<group>"; };
		A1E04415219362E100A02C78 /* Assets.xcassets */ = {isa = PBXFileReference; lastKnownFileType = folder.assetcatalog; path = Assets.xcassets; sourceTree = "<group>"; };
		A1E04418219362E100A02C78 /* Base */ = {isa = PBXFileReference; lastKnownFileType = file.storyboard; name = Base; path = Base.lproj/LaunchScreen.storyboard; sourceTree = "<group>"; };
		A1E0441A219362E100A02C78 /* Info.plist */ = {isa = PBXFileReference; lastKnownFileType = text.plist.xml; path = Info.plist; sourceTree = "<group>"; };
		A1E0441F219362E100A02C78 /* AVAudioEngine Wire iOSTests.xctest */ = {isa = PBXFileReference; explicitFileType = wrapper.cfbundle; includeInIndex = 0; path = "AVAudioEngine Wire iOSTests.xctest"; sourceTree = BUILT_PRODUCTS_DIR; };
		A1E04423219362E100A02C78 /* AVAudioEngine_Wire_iOSTests.swift */ = {isa = PBXFileReference; lastKnownFileType = sourcecode.swift; path = AVAudioEngine_Wire_iOSTests.swift; sourceTree = "<group>"; };
		A1E04425219362E100A02C78 /* Info.plist */ = {isa = PBXFileReference; lastKnownFileType = text.plist.xml; path = Info.plist; sourceTree = "<group>"; };
		A1E0442A219362E100A02C78 /* AVAudioEngine Wire iOSUITests.xctest */ = {isa = PBXFileReference; explicitFileType = wrapper.cfbundle; includeInIndex = 0; path = "AVAudioEngine Wire iOSUITests.xctest"; sourceTree = BUILT_PRODUCTS_DIR; };
		A1E0442E219362E100A02C78 /* AVAudioEngine_Wire_iOSUITests.swift */ = {isa = PBXFileReference; lastKnownFileType = sourcecode.swift; path = AVAudioEngine_Wire_iOSUITests.swift; sourceTree = "<group>"; };
		A1E04430219362E100A02C78 /* Info.plist */ = {isa = PBXFileReference; lastKnownFileType = text.plist.xml; path = Info.plist; sourceTree = "<group>"; };
		A1E0443E21936F9500A02C78 /* sine.wav */ = {isa = PBXFileReference; lastKnownFileType = audio.wav; path = sine.wav; sourceTree = "<group>"; };
/* End PBXFileReference section */

/* Begin PBXFrameworksBuildPhase section */
		A1E04408219362DF00A02C78 /* Frameworks */ = {
			isa = PBXFrameworksBuildPhase;
			buildActionMask = 2147483647;
			files = (
			);
			runOnlyForDeploymentPostprocessing = 0;
		};
		A1E0441C219362E100A02C78 /* Frameworks */ = {
			isa = PBXFrameworksBuildPhase;
			buildActionMask = 2147483647;
			files = (
			);
			runOnlyForDeploymentPostprocessing = 0;
		};
		A1E04427219362E100A02C78 /* Frameworks */ = {
			isa = PBXFrameworksBuildPhase;
			buildActionMask = 2147483647;
			files = (
			);
			runOnlyForDeploymentPostprocessing = 0;
		};
/* End PBXFrameworksBuildPhase section */

/* Begin PBXGroup section */
		A1E04402219362DF00A02C78 = {
			isa = PBXGroup;
			children = (
				A1E0440D219362DF00A02C78 /* AVAudioEngine Wire iOS */,
				A1E04422219362E100A02C78 /* AVAudioEngine Wire iOSTests */,
				A1E0442D219362E100A02C78 /* AVAudioEngine Wire iOSUITests */,
				A1E0440C219362DF00A02C78 /* Products */,
			);
			sourceTree = "<group>";
		};
		A1E0440C219362DF00A02C78 /* Products */ = {
			isa = PBXGroup;
			children = (
				A1E0440B219362DF00A02C78 /* AVAudioEngine Wire iOS.app */,
				A1E0441F219362E100A02C78 /* AVAudioEngine Wire iOSTests.xctest */,
				A1E0442A219362E100A02C78 /* AVAudioEngine Wire iOSUITests.xctest */,
			);
			name = Products;
			sourceTree = "<group>";
		};
		A1E0440D219362DF00A02C78 /* AVAudioEngine Wire iOS */ = {
			isa = PBXGroup;
			children = (
				A1C5EFF621938AA100A631DE /* Intro.mp4 */,
				A1E0443E21936F9500A02C78 /* sine.wav */,
				A1E0440E219362DF00A02C78 /* AppDelegate.swift */,
				A1E04410219362DF00A02C78 /* ViewController.swift */,
				A1E04412219362DF00A02C78 /* Main.storyboard */,
				A1E04415219362E100A02C78 /* Assets.xcassets */,
				A1E04417219362E100A02C78 /* LaunchScreen.storyboard */,
				A1E0441A219362E100A02C78 /* Info.plist */,
			);
			path = "AVAudioEngine Wire iOS";
			sourceTree = "<group>";
		};
		A1E04422219362E100A02C78 /* AVAudioEngine Wire iOSTests */ = {
			isa = PBXGroup;
			children = (
				A1E04423219362E100A02C78 /* AVAudioEngine_Wire_iOSTests.swift */,
				A1E04425219362E100A02C78 /* Info.plist */,
			);
			path = "AVAudioEngine Wire iOSTests";
			sourceTree = "<group>";
		};
		A1E0442D219362E100A02C78 /* AVAudioEngine Wire iOSUITests */ = {
			isa = PBXGroup;
			children = (
				A1E0442E219362E100A02C78 /* AVAudioEngine_Wire_iOSUITests.swift */,
				A1E04430219362E100A02C78 /* Info.plist */,
			);
			path = "AVAudioEngine Wire iOSUITests";
			sourceTree = "<group>";
		};
/* End PBXGroup section */

/* Begin PBXNativeTarget section */
		A1E0440A219362DF00A02C78 /* AVAudioEngine Wire iOS */ = {
			isa = PBXNativeTarget;
			buildConfigurationList = A1E04433219362E100A02C78 /* Build configuration list for PBXNativeTarget "AVAudioEngine Wire iOS" */;
			buildPhases = (
				A1E04407219362DF00A02C78 /* Sources */,
				A1E04408219362DF00A02C78 /* Frameworks */,
				A1E04409219362DF00A02C78 /* Resources */,
			);
			buildRules = (
			);
			dependencies = (
			);
			name = "AVAudioEngine Wire iOS";
			productName = "AVAudioEngine Wire iOS";
			productReference = A1E0440B219362DF00A02C78 /* AVAudioEngine Wire iOS.app */;
			productType = "com.apple.product-type.application";
		};
		A1E0441E219362E100A02C78 /* AVAudioEngine Wire iOSTests */ = {
			isa = PBXNativeTarget;
			buildConfigurationList = A1E04436219362E100A02C78 /* Build configuration list for PBXNativeTarget "AVAudioEngine Wire iOSTests" */;
			buildPhases = (
				A1E0441B219362E100A02C78 /* Sources */,
				A1E0441C219362E100A02C78 /* Frameworks */,
				A1E0441D219362E100A02C78 /* Resources */,
			);
			buildRules = (
			);
			dependencies = (
				A1E04421219362E100A02C78 /* PBXTargetDependency */,
			);
			name = "AVAudioEngine Wire iOSTests";
			productName = "AVAudioEngine Wire iOSTests";
			productReference = A1E0441F219362E100A02C78 /* AVAudioEngine Wire iOSTests.xctest */;
			productType = "com.apple.product-type.bundle.unit-test";
		};
		A1E04429219362E100A02C78 /* AVAudioEngine Wire iOSUITests */ = {
			isa = PBXNativeTarget;
			buildConfigurationList = A1E04439219362E100A02C78 /* Build configuration list for PBXNativeTarget "AVAudioEngine Wire iOSUITests" */;
			buildPhases = (
				A1E04426219362E100A02C78 /* Sources */,
				A1E04427219362E100A02C78 /* Frameworks */,
				A1E04428219362E100A02C78 /* Resources */,
			);
			buildRules = (
			);
			dependencies = (
				A1E0442C219362E100A02C78 /* PBXTargetDependency */,
			);
			name = "AVAudioEngine Wire iOSUITests";
			productName = "AVAudioEngine Wire iOSUITests";
			productReference = A1E0442A219362E100A02C78 /* AVAudioEngine Wire iOSUITests.xctest */;
			productType = "com.apple.product-type.bundle.ui-testing";
		};
/* End PBXNativeTarget section */

/* Begin PBXProject section */
		A1E04403219362DF00A02C78 /* Project object */ = {
			isa = PBXProject;
			attributes = {
				LastSwiftUpdateCheck = 1010;
				LastUpgradeCheck = 1010;
				ORGANIZATIONNAME = "Andrew Voelkel";
				TargetAttributes = {
					A1E0440A219362DF00A02C78 = {
						CreatedOnToolsVersion = 10.1;
					};
					A1E0441E219362E100A02C78 = {
						CreatedOnToolsVersion = 10.1;
						TestTargetID = A1E0440A219362DF00A02C78;
					};
					A1E04429219362E100A02C78 = {
						CreatedOnToolsVersion = 10.1;
						TestTargetID = A1E0440A219362DF00A02C78;
					};
				};
			};
			buildConfigurationList = A1E04406219362DF00A02C78 /* Build configuration list for PBXProject "AVAudioEngine Wire iOS" */;
			compatibilityVersion = "Xcode 9.3";
			developmentRegion = en;
			hasScannedForEncodings = 0;
			knownRegions = (
				en,
				Base,
			);
			mainGroup = A1E04402219362DF00A02C78;
			productRefGroup = A1E0440C219362DF00A02C78 /* Products */;
			projectDirPath = "";
			projectRoot = "";
			targets = (
				A1E0440A219362DF00A02C78 /* AVAudioEngine Wire iOS */,
				A1E0441E219362E100A02C78 /* AVAudioEngine Wire iOSTests */,
				A1E04429219362E100A02C78 /* AVAudioEngine Wire iOSUITests */,
			);
		};
/* End PBXProject section */

/* Begin PBXResourcesBuildPhase section */
		A1E04409219362DF00A02C78 /* Resources */ = {
			isa = PBXResourcesBuildPhase;
			buildActionMask = 2147483647;
			files = (
				A1E0443F21936F9500A02C78 /* sine.wav in Resources */,
				A1E04419219362E100A02C78 /* LaunchScreen.storyboard in Resources */,
				A1E04416219362E100A02C78 /* Assets.xcassets in Resources */,
				A1E04414219362DF00A02C78 /* Main.storyboard in Resources */,
				A1C5EFF721938AA100A631DE /* Intro.mp4 in Resources */,
			);
			runOnlyForDeploymentPostprocessing = 0;
		};
		A1E0441D219362E100A02C78 /* Resources */ = {
			isa = PBXResourcesBuildPhase;
			buildActionMask = 2147483647;
			files = (
			);
			runOnlyForDeploymentPostprocessing = 0;
		};
		A1E04428219362E100A02C78 /* Resources */ = {
			isa = PBXResourcesBuildPhase;
			buildActionMask = 2147483647;
			files = (
			);
			runOnlyForDeploymentPostprocessing = 0;
		};
/* End PBXResourcesBuildPhase section */

/* Begin PBXSourcesBuildPhase section */
		A1E04407219362DF00A02C78 /* Sources */ = {
			isa = PBXSourcesBuildPhase;
			buildActionMask = 2147483647;
			files = (
				A1E04411219362DF00A02C78 /* ViewController.swift in Sources */,
				A1E0440F219362DF00A02C78 /* AppDelegate.swift in Sources */,
			);
			runOnlyForDeploymentPostprocessing = 0;
		};
		A1E0441B219362E100A02C78 /* Sources */ = {
			isa = PBXSourcesBuildPhase;
			buildActionMask = 2147483647;
			files = (
				A1E04424219362E100A02C78 /* AVAudioEngine_Wire_iOSTests.swift in Sources */,
			);
			runOnlyForDeploymentPostprocessing = 0;
		};
		A1E04426219362E100A02C78 /* Sources */ = {
			isa = PBXSourcesBuildPhase;
			buildActionMask = 2147483647;
			files = (
				A1E0442F219362E100A02C78 /* AVAudioEngine_Wire_iOSUITests.swift in Sources */,
			);
			runOnlyForDeploymentPostprocessing = 0;
		};
/* End PBXSourcesBuildPhase section */

/* Begin PBXTargetDependency section */
		A1E04421219362E100A02C78 /* PBXTargetDependency */ = {
			isa = PBXTargetDependency;
			target = A1E0440A219362DF00A02C78 /* AVAudioEngine Wire iOS */;
			targetProxy = A1E04420219362E100A02C78 /* PBXContainerItemProxy */;
		};
		A1E0442C219362E100A02C78 /* PBXTargetDependency */ = {
			isa = PBXTargetDependency;
			target = A1E0440A219362DF00A02C78 /* AVAudioEngine Wire iOS */;
			targetProxy = A1E0442B219362E100A02C78 /* PBXContainerItemProxy */;
		};
/* End PBXTargetDependency section */

/* Begin PBXVariantGroup section */
		A1E04412219362DF00A02C78 /* Main.storyboard */ = {
			isa = PBXVariantGroup;
			children = (
				A1E04413219362DF00A02C78 /* Base */,
			);
			name = Main.storyboard;
			sourceTree = "<group>";
		};
		A1E04417219362E100A02C78 /* LaunchScreen.storyboard */ = {
			isa = PBXVariantGroup;
			children = (
				A1E04418219362E100A02C78 /* Base */,
			);
			name = LaunchScreen.storyboard;
			sourceTree = "<group>";
		};
/* End PBXVariantGroup section */

/* Begin XCBuildConfiguration section */
		A1E04431219362E100A02C78 /* Debug */ = {
			isa = XCBuildConfiguration;
			buildSettings = {
				ALWAYS_SEARCH_USER_PATHS = NO;
				CLANG_ANALYZER_NONNULL = YES;
				CLANG_ANALYZER_NUMBER_OBJECT_CONVERSION = YES_AGGRESSIVE;
				CLANG_CXX_LANGUAGE_STANDARD = "gnu++14";
				CLANG_CXX_LIBRARY = "libc++";
				CLANG_ENABLE_MODULES = YES;
				CLANG_ENABLE_OBJC_ARC = YES;
				CLANG_ENABLE_OBJC_WEAK = YES;
				CLANG_WARN_BLOCK_CAPTURE_AUTORELEASING = YES;
				CLANG_WARN_BOOL_CONVERSION = YES;
				CLANG_WARN_COMMA = YES;
				CLANG_WARN_CONSTANT_CONVERSION = YES;
				CLANG_WARN_DEPRECATED_OBJC_IMPLEMENTATIONS = YES;
				CLANG_WARN_DIRECT_OBJC_ISA_USAGE = YES_ERROR;
				CLANG_WARN_DOCUMENTATION_COMMENTS = YES;
				CLANG_WARN_EMPTY_BODY = YES;
				CLANG_WARN_ENUM_CONVERSION = YES;
				CLANG_WARN_INFINITE_RECURSION = YES;
				CLANG_WARN_INT_CONVERSION = YES;
				CLANG_WARN_NON_LITERAL_NULL_CONVERSION = YES;
				CLANG_WARN_OBJC_IMPLICIT_RETAIN_SELF = YES;
				CLANG_WARN_OBJC_LITERAL_CONVERSION = YES;
				CLANG_WARN_OBJC_ROOT_CLASS = YES_ERROR;
				CLANG_WARN_RANGE_LOOP_ANALYSIS = YES;
				CLANG_WARN_STRICT_PROTOTYPES = YES;
				CLANG_WARN_SUSPICIOUS_MOVE = YES;
				CLANG_WARN_UNGUARDED_AVAILABILITY = YES_AGGRESSIVE;
				CLANG_WARN_UNREACHABLE_CODE = YES;
				CLANG_WARN__DUPLICATE_METHOD_MATCH = YES;
				CODE_SIGN_IDENTITY = "iPhone Developer";
				COPY_PHASE_STRIP = NO;
				DEBUG_INFORMATION_FORMAT = dwarf;
				ENABLE_STRICT_OBJC_MSGSEND = YES;
				ENABLE_TESTABILITY = YES;
				GCC_C_LANGUAGE_STANDARD = gnu11;
				GCC_DYNAMIC_NO_PIC = NO;
				GCC_NO_COMMON_BLOCKS = YES;
				GCC_OPTIMIZATION_LEVEL = 0;
				GCC_PREPROCESSOR_DEFINITIONS = (
					"DEBUG=1",
					"$(inherited)",
				);
				GCC_WARN_64_TO_32_BIT_CONVERSION = YES;
				GCC_WARN_ABOUT_RETURN_TYPE = YES_ERROR;
				GCC_WARN_UNDECLARED_SELECTOR = YES;
				GCC_WARN_UNINITIALIZED_AUTOS = YES_AGGRESSIVE;
				GCC_WARN_UNUSED_FUNCTION = YES;
				GCC_WARN_UNUSED_VARIABLE = YES;
				IPHONEOS_DEPLOYMENT_TARGET = 12.1;
				MTL_ENABLE_DEBUG_INFO = INCLUDE_SOURCE;
				MTL_FAST_MATH = YES;
				ONLY_ACTIVE_ARCH = YES;
				SDKROOT = iphoneos;
				SWIFT_ACTIVE_COMPILATION_CONDITIONS = DEBUG;
				SWIFT_OPTIMIZATION_LEVEL = "-Onone";
			};
			name = Debug;
		};
		A1E04432219362E100A02C78 /* Release */ = {
			isa = XCBuildConfiguration;
			buildSettings = {
				ALWAYS_SEARCH_USER_PATHS = NO;
				CLANG_ANALYZER_NONNULL = YES;
				CLANG_ANALYZER_NUMBER_OBJECT_CONVERSION = YES_AGGRESSIVE;
				CLANG_CXX_LANGUAGE_STANDARD = "gnu++14";
				CLANG_CXX_LIBRARY = "libc++";
				CLANG_ENABLE_MODULES = YES;
				CLANG_ENABLE_OBJC_ARC = YES;
				CLANG_ENABLE_OBJC_WEAK = YES;
				CLANG_WARN_BLOCK_CAPTURE_AUTORELEASING = YES;
				CLANG_WARN_BOOL_CONVERSION = YES;
				CLANG_WARN_COMMA = YES;
				CLANG_WARN_CONSTANT_CONVERSION = YES;
				CLANG_WARN_DEPRECATED_OBJC_IMPLEMENTATIONS = YES;
				CLANG_WARN_DIRECT_OBJC_ISA_USAGE = YES_ERROR;
				CLANG_WARN_DOCUMENTATION_COMMENTS = YES;
				CLANG_WARN_EMPTY_BODY = YES;
				CLANG_WARN_ENUM_CONVERSION = YES;
				CLANG_WARN_INFINITE_RECURSION = YES;
				CLANG_WARN_INT_CONVERSION = YES;
				CLANG_WARN_NON_LITERAL_NULL_CONVERSION = YES;
				CLANG_WARN_OBJC_IMPLICIT_RETAIN_SELF = YES;
				CLANG_WARN_OBJC_LITERAL_CONVERSION = YES;
				CLANG_WARN_OBJC_ROOT_CLASS = YES_ERROR;
				CLANG_WARN_RANGE_LOOP_ANALYSIS = YES;
				CLANG_WARN_STRICT_PROTOTYPES = YES;
				CLANG_WARN_SUSPICIOUS_MOVE = YES;
				CLANG_WARN_UNGUARDED_AVAILABILITY = YES_AGGRESSIVE;
				CLANG_WARN_UNREACHABLE_CODE = YES;
				CLANG_WARN__DUPLICATE_METHOD_MATCH = YES;
				CODE_SIGN_IDENTITY = "iPhone Developer";
				COPY_PHASE_STRIP = NO;
				DEBUG_INFORMATION_FORMAT = "dwarf-with-dsym";
				ENABLE_NS_ASSERTIONS = NO;
				ENABLE_STRICT_OBJC_MSGSEND = YES;
				GCC_C_LANGUAGE_STANDARD = gnu11;
				GCC_NO_COMMON_BLOCKS = YES;
				GCC_WARN_64_TO_32_BIT_CONVERSION = YES;
				GCC_WARN_ABOUT_RETURN_TYPE = YES_ERROR;
				GCC_WARN_UNDECLARED_SELECTOR = YES;
				GCC_WARN_UNINITIALIZED_AUTOS = YES_AGGRESSIVE;
				GCC_WARN_UNUSED_FUNCTION = YES;
				GCC_WARN_UNUSED_VARIABLE = YES;
				IPHONEOS_DEPLOYMENT_TARGET = 12.1;
				MTL_ENABLE_DEBUG_INFO = NO;
				MTL_FAST_MATH = YES;
				SDKROOT = iphoneos;
				SWIFT_COMPILATION_MODE = wholemodule;
				SWIFT_OPTIMIZATION_LEVEL = "-O";
				VALIDATE_PRODUCT = YES;
			};
			name = Release;
		};
		A1E04434219362E100A02C78 /* Debug */ = {
			isa = XCBuildConfiguration;
			buildSettings = {
				ASSETCATALOG_COMPILER_APPICON_NAME = AppIcon;
				CODE_SIGN_STYLE = Automatic;
				DEVELOPMENT_TEAM = UUJ7MD9292;
				INFOPLIST_FILE = "AVAudioEngine Wire iOS/Info.plist";
				LD_RUNPATH_SEARCH_PATHS = (
					"$(inherited)",
					"@executable_path/Frameworks",
				);
				PRODUCT_BUNDLE_IDENTIFIER = "JANDY.AVAudioEngine-Wire-iOS";
				PRODUCT_NAME = "$(TARGET_NAME)";
				SWIFT_VERSION = 4.2;
				TARGETED_DEVICE_FAMILY = "1,2";
			};
			name = Debug;
		};
		A1E04435219362E100A02C78 /* Release */ = {
			isa = XCBuildConfiguration;
			buildSettings = {
				ASSETCATALOG_COMPILER_APPICON_NAME = AppIcon;
				CODE_SIGN_STYLE = Automatic;
				DEVELOPMENT_TEAM = UUJ7MD9292;
				INFOPLIST_FILE = "AVAudioEngine Wire iOS/Info.plist";
				LD_RUNPATH_SEARCH_PATHS = (
					"$(inherited)",
					"@executable_path/Frameworks",
				);
				PRODUCT_BUNDLE_IDENTIFIER = "JANDY.AVAudioEngine-Wire-iOS";
				PRODUCT_NAME = "$(TARGET_NAME)";
				SWIFT_VERSION = 4.2;
				TARGETED_DEVICE_FAMILY = "1,2";
			};
			name = Release;
		};
		A1E04437219362E100A02C78 /* Debug */ = {
			isa = XCBuildConfiguration;
			buildSettings = {
				ALWAYS_EMBED_SWIFT_STANDARD_LIBRARIES = YES;
				BUNDLE_LOADER = "$(TEST_HOST)";
				CODE_SIGN_STYLE = Automatic;
				DEVELOPMENT_TEAM = UUJ7MD9292;
				INFOPLIST_FILE = "AVAudioEngine Wire iOSTests/Info.plist";
				LD_RUNPATH_SEARCH_PATHS = (
					"$(inherited)",
					"@executable_path/Frameworks",
					"@loader_path/Frameworks",
				);
				PRODUCT_BUNDLE_IDENTIFIER = "JANDY.AVAudioEngine-Wire-iOSTests";
				PRODUCT_NAME = "$(TARGET_NAME)";
				SWIFT_VERSION = 4.2;
				TARGETED_DEVICE_FAMILY = "1,2";
				TEST_HOST = "$(BUILT_PRODUCTS_DIR)/AVAudioEngine Wire iOS.app/AVAudioEngine Wire iOS";
			};
			name = Debug;
		};
		A1E04438219362E100A02C78 /* Release */ = {
			isa = XCBuildConfiguration;
			buildSettings = {
				ALWAYS_EMBED_SWIFT_STANDARD_LIBRARIES = YES;
				BUNDLE_LOADER = "$(TEST_HOST)";
				CODE_SIGN_STYLE = Automatic;
				DEVELOPMENT_TEAM = UUJ7MD9292;
				INFOPLIST_FILE = "AVAudioEngine Wire iOSTests/Info.plist";
				LD_RUNPATH_SEARCH_PATHS = (
					"$(inherited)",
					"@executable_path/Frameworks",
					"@loader_path/Frameworks",
				);
				PRODUCT_BUNDLE_IDENTIFIER = "JANDY.AVAudioEngine-Wire-iOSTests";
				PRODUCT_NAME = "$(TARGET_NAME)";
				SWIFT_VERSION = 4.2;
				TARGETED_DEVICE_FAMILY = "1,2";
				TEST_HOST = "$(BUILT_PRODUCTS_DIR)/AVAudioEngine Wire iOS.app/AVAudioEngine Wire iOS";
			};
			name = Release;
		};
		A1E0443A219362E100A02C78 /* Debug */ = {
			isa = XCBuildConfiguration;
			buildSettings = {
				ALWAYS_EMBED_SWIFT_STANDARD_LIBRARIES = YES;
				CODE_SIGN_STYLE = Automatic;
				DEVELOPMENT_TEAM = UUJ7MD9292;
				INFOPLIST_FILE = "AVAudioEngine Wire iOSUITests/Info.plist";
				LD_RUNPATH_SEARCH_PATHS = (
					"$(inherited)",
					"@executable_path/Frameworks",
					"@loader_path/Frameworks",
				);
				PRODUCT_BUNDLE_IDENTIFIER = "JANDY.AVAudioEngine-Wire-iOSUITests";
				PRODUCT_NAME = "$(TARGET_NAME)";
				SWIFT_VERSION = 4.2;
				TARGETED_DEVICE_FAMILY = "1,2";
				TEST_TARGET_NAME = "AVAudioEngine Wire iOS";
			};
			name = Debug;
		};
		A1E0443B219362E100A02C78 /* Release */ = {
			isa = XCBuildConfiguration;
			buildSettings = {
				ALWAYS_EMBED_SWIFT_STANDARD_LIBRARIES = YES;
				CODE_SIGN_STYLE = Automatic;
				DEVELOPMENT_TEAM = UUJ7MD9292;
				INFOPLIST_FILE = "AVAudioEngine Wire iOSUITests/Info.plist";
				LD_RUNPATH_SEARCH_PATHS = (
					"$(inherited)",
					"@executable_path/Frameworks",
					"@loader_path/Frameworks",
				);
				PRODUCT_BUNDLE_IDENTIFIER = "JANDY.AVAudioEngine-Wire-iOSUITests";
				PRODUCT_NAME = "$(TARGET_NAME)";
				SWIFT_VERSION = 4.2;
				TARGETED_DEVICE_FAMILY = "1,2";
				TEST_TARGET_NAME = "AVAudioEngine Wire iOS";
			};
			name = Release;
		};
/* End XCBuildConfiguration section */

/* Begin XCConfigurationList section */
		A1E04406219362DF00A02C78 /* Build configuration list for PBXProject "AVAudioEngine Wire iOS" */ = {
			isa = XCConfigurationList;
			buildConfigurations = (
				A1E04431219362E100A02C78 /* Debug */,
				A1E04432219362E100A02C78 /* Release */,
			);
			defaultConfigurationIsVisible = 0;
			defaultConfigurationName = Release;
		};
		A1E04433219362E100A02C78 /* Build configuration list for PBXNativeTarget "AVAudioEngine Wire iOS" */ = {
			isa = XCConfigurationList;
			buildConfigurations = (
				A1E04434219362E100A02C78 /* Debug */,
				A1E04435219362E100A02C78 /* Release */,
			);
			defaultConfigurationIsVisible = 0;
			defaultConfigurationName = Release;
		};
		A1E04436219362E100A02C78 /* Build configuration list for PBXNativeTarget "AVAudioEngine Wire iOSTests" */ = {
			isa = XCConfigurationList;
			buildConfigurations = (
				A1E04437219362E100A02C78 /* Debug */,
				A1E04438219362E100A02C78 /* Release */,
			);
			defaultConfigurationIsVisible = 0;
			defaultConfigurationName = Release;
		};
		A1E04439219362E100A02C78 /* Build configuration list for PBXNativeTarget "AVAudioEngine Wire iOSUITests" */ = {
			isa = XCConfigurationList;
			buildConfigurations = (
				A1E0443A219362E100A02C78 /* Debug */,
				A1E0443B219362E100A02C78 /* Release */,
			);
			defaultConfigurationIsVisible = 0;
			defaultConfigurationName = Release;
		};
/* End XCConfigurationList section */
	};
	rootObject = A1E04403219362DF00A02C78 /* Project object */;
}
